// !$*UTF8*$!
{
	archiveVersion = 1;
	classes = {
	};
	objectVersion = 77;
	objects = {

/* Begin PBXBuildFile section */
		0C63E0C86476851C22DFDF23 /* RecentEventsView.swift in Sources */ = {isa = PBXBuildFile; fileRef = EB858149F64E029A32B3DCD5 /* RecentEventsView.swift */; };
		137802C79AF01719E4C3678C /* CredentialsReader.swift in Sources */ = {isa = PBXBuildFile; fileRef = 3F8E5593E1878FD285E2045D /* CredentialsReader.swift */; };
		1874DA2447E8C61ABEE04DF4 /* HookHandler.swift in Sources */ = {isa = PBXBuildFile; fileRef = 59E13364017FD927BB7909CD /* HookHandler.swift */; };
		1B32308424ED0B1EC028F41E /* ContentView.swift in Sources */ = {isa = PBXBuildFile; fileRef = 6A54DB638ACE8E1AF88C3B46 /* ContentView.swift */; };
		1F61BFED8868ACCFE0D79C10 /* HowlAlertApp.swift in Sources */ = {isa = PBXBuildFile; fileRef = 05C11F7470176CE5264EC0A9 /* HowlAlertApp.swift */; };
		23EFBFB44703794B600570BF /* JSONLParser.swift in Sources */ = {isa = PBXBuildFile; fileRef = F31551E9746ADB881863C080 /* JSONLParser.swift */; };
		275792FBA5A54A62B969F902 /* HowlAlert-watchOS-App.app in Embed Watch Content */ = {isa = PBXBuildFile; fileRef = 91878E726AC0E54DFE44CB92 /* HowlAlert-watchOS-App.app */; settings = {ATTRIBUTES = (RemoveHeadersOnCopy, ); }; };
		27A6D77B4A2371F565675F70 /* WatchContentView.swift in Sources */ = {isa = PBXBuildFile; fileRef = E1D75C401B5A09E7DBC25813 /* WatchContentView.swift */; };
		2E1D00460EB4733A5D797A20 /* RemoteConfigService.swift in Sources */ = {isa = PBXBuildFile; fileRef = 432EFFFA6D9CFCCA2BDE4698 /* RemoteConfigService.swift */; };
		2F3651F17F345ECF0384AE97 /* HowlAlertKit in Frameworks */ = {isa = PBXBuildFile; productRef = 19813AF154B6471CD5772BF0 /* HowlAlertKit */; };
		35E0CFD2DBEC02BF159CC9AD /* MenuBarView.swift in Sources */ = {isa = PBXBuildFile; fileRef = FA8092E842FBC1CEF4A3C043 /* MenuBarView.swift */; };
		37AE91D6AEF91BCD176CECC2 /* SessionFileWatcher.swift in Sources */ = {isa = PBXBuildFile; fileRef = 6F6397F4C002A91710FE0DE7 /* SessionFileWatcher.swift */; };
		563AFF4BF5E148B6FE5B616B /* DemoModeView.swift in Sources */ = {isa = PBXBuildFile; fileRef = 08A24332BB0C59C4FD63F192 /* DemoModeView.swift */; };
		5754CDDD7C606692242E5CEF /* HowlAlertKit in Frameworks */ = {isa = PBXBuildFile; productRef = F9B19582CC101326E94D4DFB /* HowlAlertKit */; };
		6BBEB777A1DCFF04AA0A58AC /* UsageHistoryView.swift in Sources */ = {isa = PBXBuildFile; fileRef = F3F98819894D38EEC56D660A /* UsageHistoryView.swift */; };
		78246C665D9A8DBDD813D56E /* PreferencesView.swift in Sources */ = {isa = PBXBuildFile; fileRef = 1E289D08B8D0713DC1FF825D /* PreferencesView.swift */; };
		799B97CA47EA535336217186 /* PairingReader.swift in Sources */ = {isa = PBXBuildFile; fileRef = FBE993D452B40CFFDC23AE38 /* PairingReader.swift */; };
		830526513F4F5CDAEBDACE36 /* UsageAggregator.swift in Sources */ = {isa = PBXBuildFile; fileRef = 298124761D1CBB7A70134B88 /* UsageAggregator.swift */; };
		94122DD1C95FC6DD897195C6 /* WatchNotificationView.swift in Sources */ = {isa = PBXBuildFile; fileRef = 981D4B60A786BEC1C94260AA /* WatchNotificationView.swift */; };
		9675597613FAB953E8718CA8 /* HowlAlertKit in Frameworks */ = {isa = PBXBuildFile; productRef = 61E4090F67F5795A7A754BEE /* HowlAlertKit */; };
		B22453EECB5546DFC9B0BD24 /* AlertCoordinator.swift in Sources */ = {isa = PBXBuildFile; fileRef = 6EACD6385005C0FC8BC9482E /* AlertCoordinator.swift */; };
		C6DD24BA203AF1FB14E1E34F /* Assets.xcassets in Resources */ = {isa = PBXBuildFile; fileRef = C1AAB784950E18398D597582 /* Assets.xcassets */; };
		CF62CF19F5E8036E34ABED11 /* WatchSessionManager.swift in Sources */ = {isa = PBXBuildFile; fileRef = C82966A20B581FC2BA1FCFEE /* WatchSessionManager.swift */; };
		D47540ADDD14F3303AB5EA95 /* HowlAlertApp.swift in Sources */ = {isa = PBXBuildFile; fileRef = 88C62F58E3063AEBF6B6D6B5 /* HowlAlertApp.swift */; };
		DC860874B61ED44F08FE1B59 /* DemoDataGenerator.swift in Sources */ = {isa = PBXBuildFile; fileRef = 4D2F29EAFC3F7A86CFCB4DE4 /* DemoDataGenerator.swift */; };
		DF3113EC7700655B12A278DE /* Assets.xcassets in Resources */ = {isa = PBXBuildFile; fileRef = DCC6F22B04735DFDA2F1A795 /* Assets.xcassets */; };
		E90BBA9E2DDF6C49351BE4A4 /* WatchComplicationView.swift in Sources */ = {isa = PBXBuildFile; fileRef = 5C8E7D2CA2F2AC2142275557 /* WatchComplicationView.swift */; };
		EB57885BFE3850E3AF83606E /* WatchDashboardView.swift in Sources */ = {isa = PBXBuildFile; fileRef = A36CB2785C3ED7DFF43C59A5 /* WatchDashboardView.swift */; };
		F0873EB38D0869C5AE397348 /* StatCardView.swift in Sources */ = {isa = PBXBuildFile; fileRef = AA51E632DAD0041312ED5C2B /* StatCardView.swift */; };
		F721EED1F1C060F3B5EF6E4C /* PreferencesView.swift in Sources */ = {isa = PBXBuildFile; fileRef = 55EA217CCC1E89779989164D /* PreferencesView.swift */; };
		FAC92B80AB89E78B5F1C0351 /* PushService.swift in Sources */ = {isa = PBXBuildFile; fileRef = 23F105DBE13ABAA9C61C0DBA /* PushService.swift */; };
		FDF7AC742971741773F203FD /* PairingManager.swift in Sources */ = {isa = PBXBuildFile; fileRef = 4206D805FFE9C6ACE1D36531 /* PairingManager.swift */; };
/* End PBXBuildFile section */

/* Begin PBXContainerItemProxy section */
		099194298900D8CFA4F958E3 /* PBXContainerItemProxy */ = {
			isa = PBXContainerItemProxy;
			containerPortal = AE425117BC43D6CFF033170A /* Project object */;
			proxyType = 1;
			remoteGlobalIDString = FA11D9218EF99984365FA5AF;
			remoteInfo = "HowlAlert-watchOS-App";
		};
/* End PBXContainerItemProxy section */

/* Begin PBXCopyFilesBuildPhase section */
		281B7BED5DCA1BF22A45C638 /* Embed Watch Content */ = {
			isa = PBXCopyFilesBuildPhase;
			buildActionMask = 2147483647;
			dstPath = "$(CONTENTS_FOLDER_PATH)/Watch";
			dstSubfolderSpec = 16;
			files = (
				275792FBA5A54A62B969F902 /* HowlAlert-watchOS-App.app in Embed Watch Content */,
			);
			name = "Embed Watch Content";
			runOnlyForDeploymentPostprocessing = 0;
		};
/* End PBXCopyFilesBuildPhase section */

/* Begin PBXFileReference section */
		05C11F7470176CE5264EC0A9 /* HowlAlertApp.swift */ = {isa = PBXFileReference; lastKnownFileType = sourcecode.swift; path = HowlAlertApp.swift; sourceTree = "<group>"; };
		08A24332BB0C59C4FD63F192 /* DemoModeView.swift */ = {isa = PBXFileReference; lastKnownFileType = sourcecode.swift; path = DemoModeView.swift; sourceTree = "<group>"; };
		1E289D08B8D0713DC1FF825D /* PreferencesView.swift */ = {isa = PBXFileReference; lastKnownFileType = sourcecode.swift; path = PreferencesView.swift; sourceTree = "<group>"; };
		23F105DBE13ABAA9C61C0DBA /* PushService.swift */ = {isa = PBXFileReference; lastKnownFileType = sourcecode.swift; path = PushService.swift; sourceTree = "<group>"; };
		298124761D1CBB7A70134B88 /* UsageAggregator.swift */ = {isa = PBXFileReference; lastKnownFileType = sourcecode.swift; path = UsageAggregator.swift; sourceTree = "<group>"; };
		3EE8F7C03F15446AC4F102CD /* Info.plist */ = {isa = PBXFileReference; lastKnownFileType = text.plist; path = Info.plist; sourceTree = "<group>"; };
		3F8E5593E1878FD285E2045D /* CredentialsReader.swift */ = {isa = PBXFileReference; lastKnownFileType = sourcecode.swift; path = CredentialsReader.swift; sourceTree = "<group>"; };
		4206D805FFE9C6ACE1D36531 /* PairingManager.swift */ = {isa = PBXFileReference; lastKnownFileType = sourcecode.swift; path = PairingManager.swift; sourceTree = "<group>"; };
		432EFFFA6D9CFCCA2BDE4698 /* RemoteConfigService.swift */ = {isa = PBXFileReference; lastKnownFileType = sourcecode.swift; path = RemoteConfigService.swift; sourceTree = "<group>"; };
		4D2F29EAFC3F7A86CFCB4DE4 /* DemoDataGenerator.swift */ = {isa = PBXFileReference; lastKnownFileType = sourcecode.swift; path = DemoDataGenerator.swift; sourceTree = "<group>"; };
		55EA217CCC1E89779989164D /* PreferencesView.swift */ = {isa = PBXFileReference; lastKnownFileType = sourcecode.swift; path = PreferencesView.swift; sourceTree = "<group>"; };
		59E13364017FD927BB7909CD /* HookHandler.swift */ = {isa = PBXFileReference; lastKnownFileType = sourcecode.swift; path = HookHandler.swift; sourceTree = "<group>"; };
		5C8E7D2CA2F2AC2142275557 /* WatchComplicationView.swift */ = {isa = PBXFileReference; lastKnownFileType = sourcecode.swift; path = WatchComplicationView.swift; sourceTree = "<group>"; };
		6A54DB638ACE8E1AF88C3B46 /* ContentView.swift */ = {isa = PBXFileReference; lastKnownFileType = sourcecode.swift; path = ContentView.swift; sourceTree = "<group>"; };
		6EACD6385005C0FC8BC9482E /* AlertCoordinator.swift */ = {isa = PBXFileReference; lastKnownFileType = sourcecode.swift; path = AlertCoordinator.swift; sourceTree = "<group>"; };
		6F6397F4C002A91710FE0DE7 /* SessionFileWatcher.swift */ = {isa = PBXFileReference; lastKnownFileType = sourcecode.swift; path = SessionFileWatcher.swift; sourceTree = "<group>"; };
		7B62768134B2C2E8D7238835 /* Info.plist */ = {isa = PBXFileReference; lastKnownFileType = text.plist; path = Info.plist; sourceTree = "<group>"; };
		88C62F58E3063AEBF6B6D6B5 /* HowlAlertApp.swift */ = {isa = PBXFileReference; lastKnownFileType = sourcecode.swift; path = HowlAlertApp.swift; sourceTree = "<group>"; };
		91878E726AC0E54DFE44CB92 /* HowlAlert-watchOS-App.app */ = {isa = PBXFileReference; explicitFileType = wrapper.application; includeInIndex = 0; path = "HowlAlert-watchOS-App.app"; sourceTree = BUILT_PRODUCTS_DIR; };
		950E8429B27CE8F076ABFEA9 /* HowlAlert-iOS.app */ = {isa = PBXFileReference; includeInIndex = 0; lastKnownFileType = wrapper.application; path = "HowlAlert-iOS.app"; sourceTree = BUILT_PRODUCTS_DIR; };
		981D4B60A786BEC1C94260AA /* WatchNotificationView.swift */ = {isa = PBXFileReference; lastKnownFileType = sourcecode.swift; path = WatchNotificationView.swift; sourceTree = "<group>"; };
		A36CB2785C3ED7DFF43C59A5 /* WatchDashboardView.swift */ = {isa = PBXFileReference; lastKnownFileType = sourcecode.swift; path = WatchDashboardView.swift; sourceTree = "<group>"; };
		AA51E632DAD0041312ED5C2B /* StatCardView.swift */ = {isa = PBXFileReference; lastKnownFileType = sourcecode.swift; path = StatCardView.swift; sourceTree = "<group>"; };
		C162E2DCF9591CB2F04291AD /* HowlAlert.entitlements */ = {isa = PBXFileReference; lastKnownFileType = text.plist.entitlements; path = HowlAlert.entitlements; sourceTree = "<group>"; };
		C1AAB784950E18398D597582 /* Assets.xcassets */ = {isa = PBXFileReference; lastKnownFileType = folder.assetcatalog; path = Assets.xcassets; sourceTree = "<group>"; };
		C7BF0375044B3F81FFF0DA52 /* HowlAlert-macOS.app */ = {isa = PBXFileReference; explicitFileType = wrapper.application; includeInIndex = 0; path = "HowlAlert-macOS.app"; sourceTree = BUILT_PRODUCTS_DIR; };
		C82966A20B581FC2BA1FCFEE /* WatchSessionManager.swift */ = {isa = PBXFileReference; lastKnownFileType = sourcecode.swift; path = WatchSessionManager.swift; sourceTree = "<group>"; };
		DCC6F22B04735DFDA2F1A795 /* Assets.xcassets */ = {isa = PBXFileReference; lastKnownFileType = folder.assetcatalog; path = Assets.xcassets; sourceTree = "<group>"; };
		DDA867ADAAB9ED6FF818B6D6 /* Info.plist */ = {isa = PBXFileReference; lastKnownFileType = text.plist; path = Info.plist; sourceTree = "<group>"; };
		E0EB1B2A88A650762C3C483D /* HowlAlertKit */ = {isa = PBXFileReference; lastKnownFileType = folder; name = HowlAlertKit; path = packages/HowlAlertKit; sourceTree = SOURCE_ROOT; };
		E1D75C401B5A09E7DBC25813 /* WatchContentView.swift */ = {isa = PBXFileReference; lastKnownFileType = sourcecode.swift; path = WatchContentView.swift; sourceTree = "<group>"; };
		EB858149F64E029A32B3DCD5 /* RecentEventsView.swift */ = {isa = PBXFileReference; lastKnownFileType = sourcecode.swift; path = RecentEventsView.swift; sourceTree = "<group>"; };
		F31551E9746ADB881863C080 /* JSONLParser.swift */ = {isa = PBXFileReference; lastKnownFileType = sourcecode.swift; path = JSONLParser.swift; sourceTree = "<group>"; };
		F3F98819894D38EEC56D660A /* UsageHistoryView.swift */ = {isa = PBXFileReference; lastKnownFileType = sourcecode.swift; path = UsageHistoryView.swift; sourceTree = "<group>"; };
		FA8092E842FBC1CEF4A3C043 /* MenuBarView.swift */ = {isa = PBXFileReference; lastKnownFileType = sourcecode.swift; path = MenuBarView.swift; sourceTree = "<group>"; };
		FBB56C4DF96A6E727DCB35BE /* HowlAlert.entitlements */ = {isa = PBXFileReference; lastKnownFileType = text.plist.entitlements; path = HowlAlert.entitlements; sourceTree = "<group>"; };
		FBE993D452B40CFFDC23AE38 /* PairingReader.swift */ = {isa = PBXFileReference; lastKnownFileType = sourcecode.swift; path = PairingReader.swift; sourceTree = "<group>"; };
/* End PBXFileReference section */

/* Begin PBXFrameworksBuildPhase section */
		597E150D8C8148125F7B9006 /* Frameworks */ = {
			isa = PBXFrameworksBuildPhase;
			buildActionMask = 2147483647;
			files = (
				9675597613FAB953E8718CA8 /* HowlAlertKit in Frameworks */,
			);
			runOnlyForDeploymentPostprocessing = 0;
		};
		91C4348756E6A8578F703832 /* Frameworks */ = {
			isa = PBXFrameworksBuildPhase;
			buildActionMask = 2147483647;
			files = (
				5754CDDD7C606692242E5CEF /* HowlAlertKit in Frameworks */,
			);
			runOnlyForDeploymentPostprocessing = 0;
		};
		FCBC756691A636F12DFA8F48 /* Frameworks */ = {
			isa = PBXFrameworksBuildPhase;
			buildActionMask = 2147483647;
			files = (
				2F3651F17F345ECF0384AE97 /* HowlAlertKit in Frameworks */,
			);
			runOnlyForDeploymentPostprocessing = 0;
		};
/* End PBXFrameworksBuildPhase section */

/* Begin PBXGroup section */
		087E70C29020EE4DB889C139 /* Products */ = {
			isa = PBXGroup;
			children = (
				950E8429B27CE8F076ABFEA9 /* HowlAlert-iOS.app */,
				C7BF0375044B3F81FFF0DA52 /* HowlAlert-macOS.app */,
				91878E726AC0E54DFE44CB92 /* HowlAlert-watchOS-App.app */,
			);
			name = Products;
			sourceTree = "<group>";
		};
		17AC7672FEFCFA4813C76FF1 /* Views */ = {
			isa = PBXGroup;
			children = (
				6A54DB638ACE8E1AF88C3B46 /* ContentView.swift */,
				55EA217CCC1E89779989164D /* PreferencesView.swift */,
				AA51E632DAD0041312ED5C2B /* StatCardView.swift */,
				F3F98819894D38EEC56D660A /* UsageHistoryView.swift */,
			);
			path = Views;
			sourceTree = "<group>";
		};
		255411993BC4EED4642C37AB /* HowlAlert Watch */ = {
			isa = PBXGroup;
			children = (
				7C8EBD3C2E04DB4C9988B392 /* Services */,
				9C12D5CC888F1DAF28B125D9 /* Views */,
				7B62768134B2C2E8D7238835 /* Info.plist */,
			);
			path = "HowlAlert Watch";
			sourceTree = "<group>";
		};
		2CE03501D8982D3C1DB3A2D8 /* macos */ = {
			isa = PBXGroup;
			children = (
				CA962F014AE0DB4233A76B1E /* HowlAlert */,
			);
			path = macos;
			sourceTree = "<group>";
		};
		2FC614E21C6B20A42B6F36F3 /* Resources */ = {
			isa = PBXGroup;
			children = (
				C1AAB784950E18398D597582 /* Assets.xcassets */,
			);
			path = Resources;
			sourceTree = "<group>";
		};
		45F55D067952885518A77875 /* Services */ = {
			isa = PBXGroup;
			children = (
				6EACD6385005C0FC8BC9482E /* AlertCoordinator.swift */,
				3F8E5593E1878FD285E2045D /* CredentialsReader.swift */,
				59E13364017FD927BB7909CD /* HookHandler.swift */,
				F31551E9746ADB881863C080 /* JSONLParser.swift */,
				FBE993D452B40CFFDC23AE38 /* PairingReader.swift */,
				23F105DBE13ABAA9C61C0DBA /* PushService.swift */,
				432EFFFA6D9CFCCA2BDE4698 /* RemoteConfigService.swift */,
				6F6397F4C002A91710FE0DE7 /* SessionFileWatcher.swift */,
				298124761D1CBB7A70134B88 /* UsageAggregator.swift */,
			);
			path = Services;
			sourceTree = "<group>";
		};
		61DB9DE5FA92D821A5858C91 /* Views */ = {
			isa = PBXGroup;
			children = (
				FA8092E842FBC1CEF4A3C043 /* MenuBarView.swift */,
				1E289D08B8D0713DC1FF825D /* PreferencesView.swift */,
				EB858149F64E029A32B3DCD5 /* RecentEventsView.swift */,
			);
			path = Views;
			sourceTree = "<group>";
		};
		67BC29CD6641F42E1D902FF2 /* Resources */ = {
			isa = PBXGroup;
			children = (
				DCC6F22B04735DFDA2F1A795 /* Assets.xcassets */,
			);
			path = Resources;
			sourceTree = "<group>";
		};
		6DB2C385258F8F6313DC257A /* HowlAlert */ = {
			isa = PBXGroup;
			children = (
				6FE4328836F8E038E2B3AAB6 /* App */,
				AAA9D61ACBA0E34DF5CDA528 /* DemoMode */,
				67BC29CD6641F42E1D902FF2 /* Resources */,
				E2AF65DB34EED7EDEC345AD7 /* Services */,
				17AC7672FEFCFA4813C76FF1 /* Views */,
				FBB56C4DF96A6E727DCB35BE /* HowlAlert.entitlements */,
				DDA867ADAAB9ED6FF818B6D6 /* Info.plist */,
			);
			path = HowlAlert;
			sourceTree = "<group>";
		};
		6FE4328836F8E038E2B3AAB6 /* App */ = {
			isa = PBXGroup;
			children = (
				88C62F58E3063AEBF6B6D6B5 /* HowlAlertApp.swift */,
			);
			path = App;
			sourceTree = "<group>";
		};
		7C8EBD3C2E04DB4C9988B392 /* Services */ = {
			isa = PBXGroup;
			children = (
				C82966A20B581FC2BA1FCFEE /* WatchSessionManager.swift */,
			);
			path = Services;
			sourceTree = "<group>";
		};
		7D0B010F6B31AFA901E9F65E /* apps */ = {
			isa = PBXGroup;
			children = (
				B273D531E6D76D815C8FAA77 /* ios */,
				2CE03501D8982D3C1DB3A2D8 /* macos */,
				F0081C1EA8229AF3E586AE13 /* watchos */,
			);
			path = apps;
			sourceTree = "<group>";
		};
		9C12D5CC888F1DAF28B125D9 /* Views */ = {
			isa = PBXGroup;
			children = (
				5C8E7D2CA2F2AC2142275557 /* WatchComplicationView.swift */,
				E1D75C401B5A09E7DBC25813 /* WatchContentView.swift */,
				A36CB2785C3ED7DFF43C59A5 /* WatchDashboardView.swift */,
				981D4B60A786BEC1C94260AA /* WatchNotificationView.swift */,
			);
			path = Views;
			sourceTree = "<group>";
		};
		AAA9D61ACBA0E34DF5CDA528 /* DemoMode */ = {
			isa = PBXGroup;
			children = (
				4D2F29EAFC3F7A86CFCB4DE4 /* DemoDataGenerator.swift */,
				08A24332BB0C59C4FD63F192 /* DemoModeView.swift */,
			);
			path = DemoMode;
			sourceTree = "<group>";
		};
		B273D531E6D76D815C8FAA77 /* ios */ = {
			isa = PBXGroup;
			children = (
				6DB2C385258F8F6313DC257A /* HowlAlert */,
			);
			path = ios;
			sourceTree = "<group>";
		};
		C53835365F6174118B4A17A0 /* App */ = {
			isa = PBXGroup;
			children = (
				05C11F7470176CE5264EC0A9 /* HowlAlertApp.swift */,
			);
			path = App;
			sourceTree = "<group>";
		};
		CA962F014AE0DB4233A76B1E /* HowlAlert */ = {
			isa = PBXGroup;
			children = (
				C53835365F6174118B4A17A0 /* App */,
				2FC614E21C6B20A42B6F36F3 /* Resources */,
				45F55D067952885518A77875 /* Services */,
				61DB9DE5FA92D821A5858C91 /* Views */,
				C162E2DCF9591CB2F04291AD /* HowlAlert.entitlements */,
				3EE8F7C03F15446AC4F102CD /* Info.plist */,
			);
			path = HowlAlert;
			sourceTree = "<group>";
		};
		CC564F842D86CEBBAD20E542 /* Packages */ = {
			isa = PBXGroup;
			children = (
				E0EB1B2A88A650762C3C483D /* HowlAlertKit */,
			);
			path = Packages;
			sourceTree = "<group>";
		};
		E2AF65DB34EED7EDEC345AD7 /* Services */ = {
			isa = PBXGroup;
			children = (
				4206D805FFE9C6ACE1D36531 /* PairingManager.swift */,
			);
			path = Services;
			sourceTree = "<group>";
		};
		E2CBC9DBF4A5A822734ACFA8 = {
			isa = PBXGroup;
			children = (
				7D0B010F6B31AFA901E9F65E /* apps */,
				CC564F842D86CEBBAD20E542 /* Packages */,
				087E70C29020EE4DB889C139 /* Products */,
			);
			sourceTree = "<group>";
		};
		F0081C1EA8229AF3E586AE13 /* watchos */ = {
			isa = PBXGroup;
			children = (
				255411993BC4EED4642C37AB /* HowlAlert Watch */,
			);
			path = watchos;
			sourceTree = "<group>";
		};
/* End PBXGroup section */

/* Begin PBXNativeTarget section */
		AC283745535ECF3F3E8F82B3 /* HowlAlert-macOS */ = {
			isa = PBXNativeTarget;
			buildConfigurationList = 6EE5F4BB69E681479D14B49D /* Build configuration list for PBXNativeTarget "HowlAlert-macOS" */;
			buildPhases = (
				5EF21ED95D0592BC11E1F7CE /* Sources */,
				D7FD6B6670B87781D9451570 /* Resources */,
				91C4348756E6A8578F703832 /* Frameworks */,
			);
			buildRules = (
			);
			dependencies = (
			);
			name = "HowlAlert-macOS";
			packageProductDependencies = (
				F9B19582CC101326E94D4DFB /* HowlAlertKit */,
			);
			productName = "HowlAlert-macOS";
			productReference = C7BF0375044B3F81FFF0DA52 /* HowlAlert-macOS.app */;
			productType = "com.apple.product-type.application";
		};
		C25FC762A660753985F31C60 /* HowlAlert-iOS */ = {
			isa = PBXNativeTarget;
			buildConfigurationList = 8CBBC7203EEA3562A3887B56 /* Build configuration list for PBXNativeTarget "HowlAlert-iOS" */;
			buildPhases = (
				DFB5B7F78575442464E3C4C6 /* Sources */,
				C30D743C05EE4B731777DED1 /* Resources */,
				597E150D8C8148125F7B9006 /* Frameworks */,
				281B7BED5DCA1BF22A45C638 /* Embed Watch Content */,
			);
			buildRules = (
			);
			dependencies = (
				A2083D7F9D9B52AA5A89C754 /* PBXTargetDependency */,
			);
			name = "HowlAlert-iOS";
			packageProductDependencies = (
				61E4090F67F5795A7A754BEE /* HowlAlertKit */,
			);
			productName = "HowlAlert-iOS";
			productReference = 950E8429B27CE8F076ABFEA9 /* HowlAlert-iOS.app */;
			productType = "com.apple.product-type.application";
		};
		FA11D9218EF99984365FA5AF /* HowlAlert-watchOS-App */ = {
			isa = PBXNativeTarget;
			buildConfigurationList = AA7B3E758A34C8FC089C9F84 /* Build configuration list for PBXNativeTarget "HowlAlert-watchOS-App" */;
			buildPhases = (
				95EA35327393A15352E1E0DD /* Sources */,
				FCBC756691A636F12DFA8F48 /* Frameworks */,
			);
			buildRules = (
			);
			dependencies = (
			);
			name = "HowlAlert-watchOS-App";
			packageProductDependencies = (
				19813AF154B6471CD5772BF0 /* HowlAlertKit */,
			);
			productName = "HowlAlert-watchOS-App";
			productReference = 91878E726AC0E54DFE44CB92 /* HowlAlert-watchOS-App.app */;
			productType = "com.apple.product-type.application";
		};
/* End PBXNativeTarget section */

/* Begin PBXProject section */
		AE425117BC43D6CFF033170A /* Project object */ = {
			isa = PBXProject;
			attributes = {
				BuildIndependentTargetsInParallel = YES;
				LastUpgradeCheck = 1600;
				TargetAttributes = {
					AC283745535ECF3F3E8F82B3 = {
						DevelopmentTeam = "";
					};
					C25FC762A660753985F31C60 = {
						DevelopmentTeam = "";
					};
					FA11D9218EF99984365FA5AF = {
						DevelopmentTeam = "";
					};
				};
			};
			buildConfigurationList = A8AFDF6468FF86A1A347F9E8 /* Build configuration list for PBXProject "howlalert" */;
			developmentRegion = en;
			hasScannedForEncodings = 0;
			knownRegions = (
				Base,
				en,
			);
			mainGroup = E2CBC9DBF4A5A822734ACFA8;
			minimizedProjectReferenceProxies = 1;
			packageReferences = (
				7B5F3C186AC9745D142AFB1B /* XCLocalSwiftPackageReference "packages/HowlAlertKit" */,
			);
			preferredProjectObjectVersion = 77;
			productRefGroup = 087E70C29020EE4DB889C139 /* Products */;
			projectDirPath = "";
			projectRoot = "";
			targets = (
				C25FC762A660753985F31C60 /* HowlAlert-iOS */,
				AC283745535ECF3F3E8F82B3 /* HowlAlert-macOS */,
				FA11D9218EF99984365FA5AF /* HowlAlert-watchOS-App */,
			);
		};
/* End PBXProject section */

/* Begin PBXResourcesBuildPhase section */
		C30D743C05EE4B731777DED1 /* Resources */ = {
			isa = PBXResourcesBuildPhase;
			buildActionMask = 2147483647;
			files = (
				DF3113EC7700655B12A278DE /* Assets.xcassets in Resources */,
			);
			runOnlyForDeploymentPostprocessing = 0;
		};
		D7FD6B6670B87781D9451570 /* Resources */ = {
			isa = PBXResourcesBuildPhase;
			buildActionMask = 2147483647;
			files = (
				C6DD24BA203AF1FB14E1E34F /* Assets.xcassets in Resources */,
			);
			runOnlyForDeploymentPostprocessing = 0;
		};
/* End PBXResourcesBuildPhase section */

/* Begin PBXSourcesBuildPhase section */
		5EF21ED95D0592BC11E1F7CE /* Sources */ = {
			isa = PBXSourcesBuildPhase;
			buildActionMask = 2147483647;
			files = (
				B22453EECB5546DFC9B0BD24 /* AlertCoordinator.swift in Sources */,
				137802C79AF01719E4C3678C /* CredentialsReader.swift in Sources */,
				1874DA2447E8C61ABEE04DF4 /* HookHandler.swift in Sources */,
				1F61BFED8868ACCFE0D79C10 /* HowlAlertApp.swift in Sources */,
				23EFBFB44703794B600570BF /* JSONLParser.swift in Sources */,
				35E0CFD2DBEC02BF159CC9AD /* MenuBarView.swift in Sources */,
				799B97CA47EA535336217186 /* PairingReader.swift in Sources */,
				78246C665D9A8DBDD813D56E /* PreferencesView.swift in Sources */,
				FAC92B80AB89E78B5F1C0351 /* PushService.swift in Sources */,
				0C63E0C86476851C22DFDF23 /* RecentEventsView.swift in Sources */,
				2E1D00460EB4733A5D797A20 /* RemoteConfigService.swift in Sources */,
				37AE91D6AEF91BCD176CECC2 /* SessionFileWatcher.swift in Sources */,
				830526513F4F5CDAEBDACE36 /* UsageAggregator.swift in Sources */,
			);
			runOnlyForDeploymentPostprocessing = 0;
		};
		95EA35327393A15352E1E0DD /* Sources */ = {
			isa = PBXSourcesBuildPhase;
			buildActionMask = 2147483647;
			files = (
				E90BBA9E2DDF6C49351BE4A4 /* WatchComplicationView.swift in Sources */,
				27A6D77B4A2371F565675F70 /* WatchContentView.swift in Sources */,
				EB57885BFE3850E3AF83606E /* WatchDashboardView.swift in Sources */,
				94122DD1C95FC6DD897195C6 /* WatchNotificationView.swift in Sources */,
				CF62CF19F5E8036E34ABED11 /* WatchSessionManager.swift in Sources */,
			);
			runOnlyForDeploymentPostprocessing = 0;
		};
		DFB5B7F78575442464E3C4C6 /* Sources */ = {
			isa = PBXSourcesBuildPhase;
			buildActionMask = 2147483647;
			files = (
				1B32308424ED0B1EC028F41E /* ContentView.swift in Sources */,
				DC860874B61ED44F08FE1B59 /* DemoDataGenerator.swift in Sources */,
				563AFF4BF5E148B6FE5B616B /* DemoModeView.swift in Sources */,
				D47540ADDD14F3303AB5EA95 /* HowlAlertApp.swift in Sources */,
				FDF7AC742971741773F203FD /* PairingManager.swift in Sources */,
				F721EED1F1C060F3B5EF6E4C /* PreferencesView.swift in Sources */,
				F0873EB38D0869C5AE397348 /* StatCardView.swift in Sources */,
				6BBEB777A1DCFF04AA0A58AC /* UsageHistoryView.swift in Sources */,
			);
			runOnlyForDeploymentPostprocessing = 0;
		};
/* End PBXSourcesBuildPhase section */

/* Begin PBXTargetDependency section */
		A2083D7F9D9B52AA5A89C754 /* PBXTargetDependency */ = {
			isa = PBXTargetDependency;
			target = FA11D9218EF99984365FA5AF /* HowlAlert-watchOS-App */;
			targetProxy = 099194298900D8CFA4F958E3 /* PBXContainerItemProxy */;
		};
/* End PBXTargetDependency section */

/* Begin XCBuildConfiguration section */
		15E7261A6F41DAD9234AD093 /* Release */ = {
			isa = XCBuildConfiguration;
			buildSettings = {
				ASSETCATALOG_COMPILER_APPICON_NAME = AppIcon;
				CODE_SIGN_ENTITLEMENTS = apps/ios/HowlAlert/HowlAlert.entitlements;
				CODE_SIGN_IDENTITY = "iPhone Developer";
				INFOPLIST_FILE = apps/ios/HowlAlert/Info.plist;
				IPHONEOS_DEPLOYMENT_TARGET = 17.0;
				LD_RUNPATH_SEARCH_PATHS = (
					"$(inherited)",
					"@executable_path/Frameworks",
				);
				PRODUCT_BUNDLE_IDENTIFIER = com.mrdemonwolf.howlalert.ios;
				PRODUCT_NAME = HowlAlert;
				SDKROOT = iphoneos;
				TARGETED_DEVICE_FAMILY = "1,2";
			};
			name = Release;
		};
		452B5908A14D8A569A95B52E /* Debug */ = {
			isa = XCBuildConfiguration;
			buildSettings = {
				ASSETCATALOG_COMPILER_APPICON_NAME = AppIcon;
				CODE_SIGN_ENTITLEMENTS = apps/macos/HowlAlert/HowlAlert.entitlements;
				COMBINE_HIDPI_IMAGES = YES;
				INFOPLIST_FILE = apps/macos/HowlAlert/Info.plist;
				LD_RUNPATH_SEARCH_PATHS = (
					"$(inherited)",
					"@executable_path/../Frameworks",
				);
				LSUIElement = YES;
				MACOSX_DEPLOYMENT_TARGET = 14.0;
				PRODUCT_BUNDLE_IDENTIFIER = com.mrdemonwolf.howlalert;
				PRODUCT_NAME = HowlAlert;
				SDKROOT = macosx;
			};
			name = Debug;
		};
		572202C1F26D65BBAE7EEE21 /* Debug */ = {
			isa = XCBuildConfiguration;
			buildSettings = {
				ASSETCATALOG_COMPILER_APPICON_NAME = AppIcon;
				CODE_SIGN_ENTITLEMENTS = apps/ios/HowlAlert/HowlAlert.entitlements;
				CODE_SIGN_IDENTITY = "iPhone Developer";
				INFOPLIST_FILE = apps/ios/HowlAlert/Info.plist;
				IPHONEOS_DEPLOYMENT_TARGET = 17.0;
				LD_RUNPATH_SEARCH_PATHS = (
					"$(inherited)",
					"@executable_path/Frameworks",
				);
				PRODUCT_BUNDLE_IDENTIFIER = com.mrdemonwolf.howlalert.ios;
				PRODUCT_NAME = HowlAlert;
				SDKROOT = iphoneos;
				TARGETED_DEVICE_FAMILY = "1,2";
			};
			name = Debug;
		};
		5A4194E00516FC6D341BF609 /* Debug */ = {
			isa = XCBuildConfiguration;
			buildSettings = {
				ASSETCATALOG_COMPILER_APPICON_NAME = AppIcon;
				INFOPLIST_FILE = "apps/watchos/HowlAlert Watch/Info.plist";
				PRODUCT_BUNDLE_IDENTIFIER = com.mrdemonwolf.howlalert.watchkitapp;
				PRODUCT_NAME = HowlAlert;
				SDKROOT = watchos;
				SKIP_INSTALL = YES;
				TARGETED_DEVICE_FAMILY = 4;
				WATCHOS_DEPLOYMENT_TARGET = 10.0;
			};
			name = Debug;
		};
		78FBB4E6C17CFA499116B92A /* Release */ = {
			isa = XCBuildConfiguration;
			buildSettings = {
				ASSETCATALOG_COMPILER_APPICON_NAME = AppIcon;
				INFOPLIST_FILE = "apps/watchos/HowlAlert Watch/Info.plist";
				PRODUCT_BUNDLE_IDENTIFIER = com.mrdemonwolf.howlalert.watchkitapp;
				PRODUCT_NAME = HowlAlert;
				SDKROOT = watchos;
				SKIP_INSTALL = YES;
				TARGETED_DEVICE_FAMILY = 4;
				WATCHOS_DEPLOYMENT_TARGET = 10.0;
			};
			name = Release;
		};
		7F6917E716F24BC055FDE53C /* Release */ = {
			isa = XCBuildConfiguration;
			buildSettings = {
				ALWAYS_SEARCH_USER_PATHS = NO;
				CLANG_ANALYZER_NONNULL = YES;
				CLANG_ANALYZER_NUMBER_OBJECT_CONVERSION = YES_AGGRESSIVE;
				CLANG_CXX_LANGUAGE_STANDARD = "gnu++14";
				CLANG_CXX_LIBRARY = "libc++";
				CLANG_ENABLE_MODULES = YES;
				CLANG_ENABLE_OBJC_ARC = YES;
				CLANG_ENABLE_OBJC_WEAK = YES;
				CLANG_WARN_BLOCK_CAPTURE_AUTORELEASING = YES;
				CLANG_WARN_BOOL_CONVERSION = YES;
				CLANG_WARN_COMMA = YES;
				CLANG_WARN_CONSTANT_CONVERSION = YES;
				CLANG_WARN_DEPRECATED_OBJC_IMPLEMENTATIONS = YES;
				CLANG_WARN_DIRECT_OBJC_ISA_USAGE = YES_ERROR;
				CLANG_WARN_DOCUMENTATION_COMMENTS = YES;
				CLANG_WARN_EMPTY_BODY = YES;
				CLANG_WARN_ENUM_CONVERSION = YES;
				CLANG_WARN_INFINITE_RECURSION = YES;
				CLANG_WARN_INT_CONVERSION = YES;
				CLANG_WARN_NON_LITERAL_NULL_CONVERSION = YES;
				CLANG_WARN_OBJC_IMPLICIT_RETAIN_SELF = YES;
				CLANG_WARN_OBJC_LITERAL_CONVERSION = YES;
				CLANG_WARN_OBJC_ROOT_CLASS = YES_ERROR;
				CLANG_WARN_QUOTED_INCLUDE_IN_FRAMEWORK_HEADER = YES;
				CLANG_WARN_RANGE_LOOP_ANALYSIS = YES;
				CLANG_WARN_STRICT_PROTOTYPES = YES;
				CLANG_WARN_SUSPICIOUS_MOVE = YES;
				CLANG_WARN_UNGUARDED_AVAILABILITY = YES_AGGRESSIVE;
				CLANG_WARN_UNREACHABLE_CODE = YES;
				CLANG_WARN__DUPLICATE_METHOD_MATCH = YES;
				COPY_PHASE_STRIP = NO;
				DEBUG_INFORMATION_FORMAT = "dwarf-with-dsym";
				DEVELOPMENT_TEAM = "";
				ENABLE_NS_ASSERTIONS = NO;
				ENABLE_STRICT_OBJC_MSGSEND = YES;
				ENABLE_TESTABILITY = YES;
				GCC_C_LANGUAGE_STANDARD = gnu11;
				GCC_NO_COMMON_BLOCKS = YES;
				GCC_WARN_64_TO_32_BIT_CONVERSION = YES;
				GCC_WARN_ABOUT_RETURN_TYPE = YES_ERROR;
				GCC_WARN_UNDECLARED_SELECTOR = YES;
				GCC_WARN_UNINITIALIZED_AUTOS = YES_AGGRESSIVE;
				GCC_WARN_UNUSED_FUNCTION = YES;
				GCC_WARN_UNUSED_VARIABLE = YES;
				IPHONEOS_DEPLOYMENT_TARGET = 17.0;
				MACOSX_DEPLOYMENT_TARGET = 14.0;
				MTL_ENABLE_DEBUG_INFO = NO;
				MTL_FAST_MATH = YES;
				PRODUCT_NAME = "$(TARGET_NAME)";
				SWIFT_COMPILATION_MODE = wholemodule;
				SWIFT_OPTIMIZATION_LEVEL = "-O";
				SWIFT_VERSION = 5.9;
				WATCHOS_DEPLOYMENT_TARGET = 10.0;
			};
			name = Release;
		};
		8EB2487D79B04EBAFD0A2137 /* Debug */ = {
			isa = XCBuildConfiguration;
			buildSettings = {
				ALWAYS_SEARCH_USER_PATHS = NO;
				CLANG_ANALYZER_NONNULL = YES;
				CLANG_ANALYZER_NUMBER_OBJECT_CONVERSION = YES_AGGRESSIVE;
				CLANG_CXX_LANGUAGE_STANDARD = "gnu++14";
				CLANG_CXX_LIBRARY = "libc++";
				CLANG_ENABLE_MODULES = YES;
				CLANG_ENABLE_OBJC_ARC = YES;
				CLANG_ENABLE_OBJC_WEAK = YES;
				CLANG_WARN_BLOCK_CAPTURE_AUTORELEASING = YES;
				CLANG_WARN_BOOL_CONVERSION = YES;
				CLANG_WARN_COMMA = YES;
				CLANG_WARN_CONSTANT_CONVERSION = YES;
				CLANG_WARN_DEPRECATED_OBJC_IMPLEMENTATIONS = YES;
				CLANG_WARN_DIRECT_OBJC_ISA_USAGE = YES_ERROR;
				CLANG_WARN_DOCUMENTATION_COMMENTS = YES;
				CLANG_WARN_EMPTY_BODY = YES;
				CLANG_WARN_ENUM_CONVERSION = YES;
				CLANG_WARN_INFINITE_RECURSION = YES;
				CLANG_WARN_INT_CONVERSION = YES;
				CLANG_WARN_NON_LITERAL_NULL_CONVERSION = YES;
				CLANG_WARN_OBJC_IMPLICIT_RETAIN_SELF = YES;
				CLANG_WARN_OBJC_LITERAL_CONVERSION = YES;
				CLANG_WARN_OBJC_ROOT_CLASS = YES_ERROR;
				CLANG_WARN_QUOTED_INCLUDE_IN_FRAMEWORK_HEADER = YES;
				CLANG_WARN_RANGE_LOOP_ANALYSIS = YES;
				CLANG_WARN_STRICT_PROTOTYPES = YES;
				CLANG_WARN_SUSPICIOUS_MOVE = YES;
				CLANG_WARN_UNGUARDED_AVAILABILITY = YES_AGGRESSIVE;
				CLANG_WARN_UNREACHABLE_CODE = YES;
				CLANG_WARN__DUPLICATE_METHOD_MATCH = YES;
				COPY_PHASE_STRIP = NO;
				DEBUG_INFORMATION_FORMAT = "dwarf-with-dsym";
				DEVELOPMENT_TEAM = "";
				ENABLE_STRICT_OBJC_MSGSEND = YES;
				ENABLE_TESTABILITY = YES;
				GCC_C_LANGUAGE_STANDARD = gnu11;
				GCC_DYNAMIC_NO_PIC = NO;
				GCC_NO_COMMON_BLOCKS = YES;
				GCC_OPTIMIZATION_LEVEL = 0;
				GCC_PREPROCESSOR_DEFINITIONS = (
					"$(inherited)",
					"DEBUG=1",
				);
				GCC_WARN_64_TO_32_BIT_CONVERSION = YES;
				GCC_WARN_ABOUT_RETURN_TYPE = YES_ERROR;
				GCC_WARN_UNDECLARED_SELECTOR = YES;
				GCC_WARN_UNINITIALIZED_AUTOS = YES_AGGRESSIVE;
				GCC_WARN_UNUSED_FUNCTION = YES;
				GCC_WARN_UNUSED_VARIABLE = YES;
				IPHONEOS_DEPLOYMENT_TARGET = 17.0;
				MACOSX_DEPLOYMENT_TARGET = 14.0;
				MTL_ENABLE_DEBUG_INFO = INCLUDE_SOURCE;
				MTL_FAST_MATH = YES;
				ONLY_ACTIVE_ARCH = YES;
				PRODUCT_NAME = "$(TARGET_NAME)";
				SWIFT_ACTIVE_COMPILATION_CONDITIONS = DEBUG;
				SWIFT_OPTIMIZATION_LEVEL = "-Onone";
				SWIFT_VERSION = 5.9;
				WATCHOS_DEPLOYMENT_TARGET = 10.0;
			};
			name = Debug;
		};
		E5F74C6A8F7ED69464BEF5EB /* Release */ = {
			isa = XCBuildConfiguration;
			buildSettings = {
				ASSETCATALOG_COMPILER_APPICON_NAME = AppIcon;
				CODE_SIGN_ENTITLEMENTS = apps/macos/HowlAlert/HowlAlert.entitlements;
				COMBINE_HIDPI_IMAGES = YES;
				INFOPLIST_FILE = apps/macos/HowlAlert/Info.plist;
				LD_RUNPATH_SEARCH_PATHS = (
					"$(inherited)",
					"@executable_path/../Frameworks",
				);
				LSUIElement = YES;
				MACOSX_DEPLOYMENT_TARGET = 14.0;
				PRODUCT_BUNDLE_IDENTIFIER = com.mrdemonwolf.howlalert;
				PRODUCT_NAME = HowlAlert;
				SDKROOT = macosx;
			};
			name = Release;
		};
/* End XCBuildConfiguration section */

/* Begin XCConfigurationList section */
		6EE5F4BB69E681479D14B49D /* Build configuration list for PBXNativeTarget "HowlAlert-macOS" */ = {
			isa = XCConfigurationList;
			buildConfigurations = (
				452B5908A14D8A569A95B52E /* Debug */,
				E5F74C6A8F7ED69464BEF5EB /* Release */,
			);
			defaultConfigurationIsVisible = 0;
			defaultConfigurationName = Debug;
		};
		8CBBC7203EEA3562A3887B56 /* Build configuration list for PBXNativeTarget "HowlAlert-iOS" */ = {
			isa = XCConfigurationList;
			buildConfigurations = (
				572202C1F26D65BBAE7EEE21 /* Debug */,
				15E7261A6F41DAD9234AD093 /* Release */,
			);
			defaultConfigurationIsVisible = 0;
			defaultConfigurationName = Debug;
		};
		A8AFDF6468FF86A1A347F9E8 /* Build configuration list for PBXProject "howlalert" */ = {
			isa = XCConfigurationList;
			buildConfigurations = (
				8EB2487D79B04EBAFD0A2137 /* Debug */,
				7F6917E716F24BC055FDE53C /* Release */,
			);
			defaultConfigurationIsVisible = 0;
			defaultConfigurationName = Debug;
		};
		AA7B3E758A34C8FC089C9F84 /* Build configuration list for PBXNativeTarget "HowlAlert-watchOS-App" */ = {
			isa = XCConfigurationList;
			buildConfigurations = (
				5A4194E00516FC6D341BF609 /* Debug */,
				78FBB4E6C17CFA499116B92A /* Release */,
			);
			defaultConfigurationIsVisible = 0;
			defaultConfigurationName = Debug;
		};
/* End XCConfigurationList section */

/* Begin XCLocalSwiftPackageReference section */
		7B5F3C186AC9745D142AFB1B /* XCLocalSwiftPackageReference "packages/HowlAlertKit" */ = {
			isa = XCLocalSwiftPackageReference;
			relativePath = packages/HowlAlertKit;
		};
/* End XCLocalSwiftPackageReference section */

/* Begin XCSwiftPackageProductDependency section */
		19813AF154B6471CD5772BF0 /* HowlAlertKit */ = {
			isa = XCSwiftPackageProductDependency;
			productName = HowlAlertKit;
		};
		61E4090F67F5795A7A754BEE /* HowlAlertKit */ = {
			isa = XCSwiftPackageProductDependency;
			productName = HowlAlertKit;
		};
		F9B19582CC101326E94D4DFB /* HowlAlertKit */ = {
			isa = XCSwiftPackageProductDependency;
			productName = HowlAlertKit;
		};
/* End XCSwiftPackageProductDependency section */
	};
	rootObject = AE425117BC43D6CFF033170A /* Project object */;
}
