// !$*UTF8*$!
{
	archiveVersion = 1;
	classes = {
	};
	objectVersion = 77;
	objects = {

/* Begin PBXBuildFile section */
		01416D269321060878D06569 /* HowlAlertKit in Frameworks */ = {isa = PBXBuildFile; productRef = 3B711F471FD4FCE91420A911 /* HowlAlertKit */; };
		73433F690943EDAB4C965BC0 /* HowlAlertWatchApp.swift in Sources */ = {isa = PBXBuildFile; fileRef = FBD272B4F2A82EC86344E3A9 /* HowlAlertWatchApp.swift */; };
/* End PBXBuildFile section */

/* Begin PBXFileReference section */
		5CF55C6D878BDA0C99CB6D49 /* HowlAlertWatch.app */ = {isa = PBXFileReference; explicitFileType = wrapper.application; includeInIndex = 0; path = HowlAlertWatch.app; sourceTree = BUILT_PRODUCTS_DIR; };
		637334CB6CD0387E090EB1E3 /* Info.plist */ = {isa = PBXFileReference; lastKnownFileType = text.plist; path = Info.plist; sourceTree = "<group>"; };
		D6149C6767B73D5618209289 /* howlalert-kit */ = {isa = PBXFileReference; lastKnownFileType = folder; name = "howlalert-kit"; path = "../../packages/howlalert-kit"; sourceTree = SOURCE_ROOT; };
		FBD272B4F2A82EC86344E3A9 /* HowlAlertWatchApp.swift */ = {isa = PBXFileReference; lastKnownFileType = sourcecode.swift; path = HowlAlertWatchApp.swift; sourceTree = "<group>"; };
/* End PBXFileReference section */

/* Begin PBXFrameworksBuildPhase section */
		294BFB96B841B4BDA0008BD5 /* Frameworks */ = {
			isa = PBXFrameworksBuildPhase;
			buildActionMask = 2147483647;
			files = (
				01416D269321060878D06569 /* HowlAlertKit in Frameworks */,
			);
			runOnlyForDeploymentPostprocessing = 0;
		};
/* End PBXFrameworksBuildPhase section */

/* Begin PBXGroup section */
		915DD03B8747DAE17ACF2DB1 = {
			isa = PBXGroup;
			children = (
				A0C133C0304D2526F1534AF0 /* Packages */,
				CD7E37A161159A25517D49F4 /* Sources */,
				F29958B2640F7BDF236A988A /* Products */,
			);
			sourceTree = "<group>";
		};
		A0C133C0304D2526F1534AF0 /* Packages */ = {
			isa = PBXGroup;
			children = (
				D6149C6767B73D5618209289 /* howlalert-kit */,
			);
			name = Packages;
			sourceTree = "<group>";
		};
		CD7E37A161159A25517D49F4 /* Sources */ = {
			isa = PBXGroup;
			children = (
				FBD272B4F2A82EC86344E3A9 /* HowlAlertWatchApp.swift */,
				637334CB6CD0387E090EB1E3 /* Info.plist */,
			);
			path = Sources;
			sourceTree = "<group>";
		};
		F29958B2640F7BDF236A988A /* Products */ = {
			isa = PBXGroup;
			children = (
				5CF55C6D878BDA0C99CB6D49 /* HowlAlertWatch.app */,
			);
			name = Products;
			sourceTree = "<group>";
		};
/* End PBXGroup section */

/* Begin PBXNativeTarget section */
		528E7A52E4042E008745E546 /* HowlAlertWatch */ = {
			isa = PBXNativeTarget;
			buildConfigurationList = 6823E6771326045A251D6396 /* Build configuration list for PBXNativeTarget "HowlAlertWatch" */;
			buildPhases = (
				B047FEC6011C8C1EF2275A52 /* Sources */,
				294BFB96B841B4BDA0008BD5 /* Frameworks */,
			);
			buildRules = (
			);
			dependencies = (
			);
			name = HowlAlertWatch;
			packageProductDependencies = (
				3B711F471FD4FCE91420A911 /* HowlAlertKit */,
			);
			productName = HowlAlertWatch;
			productReference = 5CF55C6D878BDA0C99CB6D49 /* HowlAlertWatch.app */;
			productType = "com.apple.product-type.application";
		};
/* End PBXNativeTarget section */

/* Begin PBXProject section */
		D6D6523C0687425004397E41 /* Project object */ = {
			isa = PBXProject;
			attributes = {
				BuildIndependentTargetsInParallel = YES;
				LastUpgradeCheck = 1430;
				TargetAttributes = {
					528E7A52E4042E008745E546 = {
						DevelopmentTeam = "";
						ProvisioningStyle = Automatic;
					};
				};
			};
			buildConfigurationList = CEC42DEB4FD665C38E363F71 /* Build configuration list for PBXProject "HowlAlertWatch" */;
			developmentRegion = en;
			hasScannedForEncodings = 0;
			knownRegions = (
				Base,
				en,
			);
			mainGroup = 915DD03B8747DAE17ACF2DB1;
			minimizedProjectReferenceProxies = 1;
			packageReferences = (
				29FE1D74A1520DCDBF3EB690 /* XCLocalSwiftPackageReference "../../packages/howlalert-kit" */,
			);
			preferredProjectObjectVersion = 77;
			productRefGroup = F29958B2640F7BDF236A988A /* Products */;
			projectDirPath = "";
			projectRoot = "";
			targets = (
				528E7A52E4042E008745E546 /* HowlAlertWatch */,
			);
		};
/* End PBXProject section */

/* Begin PBXSourcesBuildPhase section */
		B047FEC6011C8C1EF2275A52 /* Sources */ = {
			isa = PBXSourcesBuildPhase;
			buildActionMask = 2147483647;
			files = (
				73433F690943EDAB4C965BC0 /* HowlAlertWatchApp.swift in Sources */,
			);
			runOnlyForDeploymentPostprocessing = 0;
		};
/* End PBXSourcesBuildPhase section */

/* Begin XCBuildConfiguration section */
		007210ED1177031048464FCE /* Debug */ = {
			isa = XCBuildConfiguration;
			buildSettings = {
				ASSETCATALOG_COMPILER_APPICON_NAME = AppIcon;
				CODE_SIGNING_ALLOWED = NO;
				GENERATE_INFOPLIST_FILE = NO;
				INFOPLIST_FILE = Sources/Info.plist;
				PRODUCT_BUNDLE_IDENTIFIER = com.mrdemonwolf.howlalert.watchkitapp;
				PRODUCT_NAME = HowlAlertWatch;
				SDKROOT = watchos;
				SKIP_INSTALL = YES;
				TARGETED_DEVICE_FAMILY = 4;
			};
			name = Debug;
		};
		22E8DAE3FA03A13084784861 /* Release */ = {
			isa = XCBuildConfiguration;
			buildSettings = {
				ASSETCATALOG_COMPILER_APPICON_NAME = AppIcon;
				CODE_SIGNING_ALLOWED = NO;
				GENERATE_INFOPLIST_FILE = NO;
				INFOPLIST_FILE = Sources/Info.plist;
				PRODUCT_BUNDLE_IDENTIFIER = com.mrdemonwolf.howlalert.watchkitapp;
				PRODUCT_NAME = HowlAlertWatch;
				SDKROOT = watchos;
				SKIP_INSTALL = YES;
				TARGETED_DEVICE_FAMILY = 4;
			};
			name = Release;
		};
		8FC0D1368D58D2410DB19448 /* Debug */ = {
			isa = XCBuildConfiguration;
			buildSettings = {
				ALWAYS_SEARCH_USER_PATHS = NO;
				CLANG_ANALYZER_NONNULL = YES;
				CLANG_ANALYZER_NUMBER_OBJECT_CONVERSION = YES_AGGRESSIVE;
				CLANG_CXX_LANGUAGE_STANDARD = "gnu++14";
				CLANG_CXX_LIBRARY = "libc++";
				CLANG_ENABLE_MODULES = YES;
				CLANG_ENABLE_OBJC_ARC = YES;
				CLANG_ENABLE_OBJC_WEAK = YES;
				CLANG_WARN_BLOCK_CAPTURE_AUTORELEASING = YES;
				CLANG_WARN_BOOL_CONVERSION = YES;
				CLANG_WARN_COMMA = YES;
				CLANG_WARN_CONSTANT_CONVERSION = YES;
				CLANG_WARN_DEPRECATED_OBJC_IMPLEMENTATIONS = YES;
				CLANG_WARN_DIRECT_OBJC_ISA_USAGE = YES_ERROR;
				CLANG_WARN_DOCUMENTATION_COMMENTS = YES;
				CLANG_WARN_EMPTY_BODY = YES;
				CLANG_WARN_ENUM_CONVERSION = YES;
				CLANG_WARN_INFINITE_RECURSION = YES;
				CLANG_WARN_INT_CONVERSION = YES;
				CLANG_WARN_NON_LITERAL_NULL_CONVERSION = YES;
				CLANG_WARN_OBJC_IMPLICIT_RETAIN_SELF = YES;
				CLANG_WARN_OBJC_LITERAL_CONVERSION = YES;
				CLANG_WARN_OBJC_ROOT_CLASS = YES_ERROR;
				CLANG_WARN_QUOTED_INCLUDE_IN_FRAMEWORK_HEADER = YES;
				CLANG_WARN_RANGE_LOOP_ANALYSIS = YES;
				CLANG_WARN_STRICT_PROTOTYPES = YES;
				CLANG_WARN_SUSPICIOUS_MOVE = YES;
				CLANG_WARN_UNGUARDED_AVAILABILITY = YES_AGGRESSIVE;
				CLANG_WARN_UNREACHABLE_CODE = YES;
				CLANG_WARN__DUPLICATE_METHOD_MATCH = YES;
				CODE_SIGN_STYLE = Automatic;
				COPY_PHASE_STRIP = NO;
				DEBUG_INFORMATION_FORMAT = dwarf;
				DEVELOPMENT_TEAM = "";
				ENABLE_STRICT_OBJC_MSGSEND = YES;
				ENABLE_TESTABILITY = YES;
				GCC_C_LANGUAGE_STANDARD = gnu11;
				GCC_DYNAMIC_NO_PIC = NO;
				GCC_NO_COMMON_BLOCKS = YES;
				GCC_OPTIMIZATION_LEVEL = 0;
				GCC_PREPROCESSOR_DEFINITIONS = (
					"$(inherited)",
					"DEBUG=1",
				);
				GCC_WARN_64_TO_32_BIT_CONVERSION = YES;
				GCC_WARN_ABOUT_RETURN_TYPE = YES_ERROR;
				GCC_WARN_UNDECLARED_SELECTOR = YES;
				GCC_WARN_UNINITIALIZED_AUTOS = YES_AGGRESSIVE;
				GCC_WARN_UNUSED_FUNCTION = YES;
				GCC_WARN_UNUSED_VARIABLE = YES;
				MTL_ENABLE_DEBUG_INFO = INCLUDE_SOURCE;
				MTL_FAST_MATH = YES;
				ONLY_ACTIVE_ARCH = YES;
				PRODUCT_NAME = "$(TARGET_NAME)";
				SDKROOT = watchos;
				SWIFT_ACTIVE_COMPILATION_CONDITIONS = DEBUG;
				SWIFT_OPTIMIZATION_LEVEL = "-Onone";
				SWIFT_VERSION = 6.0;
				WATCHOS_DEPLOYMENT_TARGET = 11.0;
			};
			name = Debug;
		};
		FAF6D5AA6E1F70327A9363D7 /* Release */ = {
			isa = XCBuildConfiguration;
			buildSettings = {
				ALWAYS_SEARCH_USER_PATHS = NO;
				CLANG_ANALYZER_NONNULL = YES;
				CLANG_ANALYZER_NUMBER_OBJECT_CONVERSION = YES_AGGRESSIVE;
				CLANG_CXX_LANGUAGE_STANDARD = "gnu++14";
				CLANG_CXX_LIBRARY = "libc++";
				CLANG_ENABLE_MODULES = YES;
				CLANG_ENABLE_OBJC_ARC = YES;
				CLANG_ENABLE_OBJC_WEAK = YES;
				CLANG_WARN_BLOCK_CAPTURE_AUTORELEASING = YES;
				CLANG_WARN_BOOL_CONVERSION = YES;
				CLANG_WARN_COMMA = YES;
				CLANG_WARN_CONSTANT_CONVERSION = YES;
				CLANG_WARN_DEPRECATED_OBJC_IMPLEMENTATIONS = YES;
				CLANG_WARN_DIRECT_OBJC_ISA_USAGE = YES_ERROR;
				CLANG_WARN_DOCUMENTATION_COMMENTS = YES;
				CLANG_WARN_EMPTY_BODY = YES;
				CLANG_WARN_ENUM_CONVERSION = YES;
				CLANG_WARN_INFINITE_RECURSION = YES;
				CLANG_WARN_INT_CONVERSION = YES;
				CLANG_WARN_NON_LITERAL_NULL_CONVERSION = YES;
				CLANG_WARN_OBJC_IMPLICIT_RETAIN_SELF = YES;
				CLANG_WARN_OBJC_LITERAL_CONVERSION = YES;
				CLANG_WARN_OBJC_ROOT_CLASS = YES_ERROR;
				CLANG_WARN_QUOTED_INCLUDE_IN_FRAMEWORK_HEADER = YES;
				CLANG_WARN_RANGE_LOOP_ANALYSIS = YES;
				CLANG_WARN_STRICT_PROTOTYPES = YES;
				CLANG_WARN_SUSPICIOUS_MOVE = YES;
				CLANG_WARN_UNGUARDED_AVAILABILITY = YES_AGGRESSIVE;
				CLANG_WARN_UNREACHABLE_CODE = YES;
				CLANG_WARN__DUPLICATE_METHOD_MATCH = YES;
				CODE_SIGN_STYLE = Automatic;
				COPY_PHASE_STRIP = NO;
				DEBUG_INFORMATION_FORMAT = "dwarf-with-dsym";
				DEVELOPMENT_TEAM = "";
				ENABLE_NS_ASSERTIONS = NO;
				ENABLE_STRICT_OBJC_MSGSEND = YES;
				GCC_C_LANGUAGE_STANDARD = gnu11;
				GCC_NO_COMMON_BLOCKS = YES;
				GCC_WARN_64_TO_32_BIT_CONVERSION = YES;
				GCC_WARN_ABOUT_RETURN_TYPE = YES_ERROR;
				GCC_WARN_UNDECLARED_SELECTOR = YES;
				GCC_WARN_UNINITIALIZED_AUTOS = YES_AGGRESSIVE;
				GCC_WARN_UNUSED_FUNCTION = YES;
				GCC_WARN_UNUSED_VARIABLE = YES;
				MTL_ENABLE_DEBUG_INFO = NO;
				MTL_FAST_MATH = YES;
				PRODUCT_NAME = "$(TARGET_NAME)";
				SDKROOT = watchos;
				SWIFT_COMPILATION_MODE = wholemodule;
				SWIFT_OPTIMIZATION_LEVEL = "-O";
				SWIFT_VERSION = 6.0;
				WATCHOS_DEPLOYMENT_TARGET = 11.0;
			};
			name = Release;
		};
/* End XCBuildConfiguration section */

/* Begin XCConfigurationList section */
		6823E6771326045A251D6396 /* Build configuration list for PBXNativeTarget "HowlAlertWatch" */ = {
			isa = XCConfigurationList;
			buildConfigurations = (
				007210ED1177031048464FCE /* Debug */,
				22E8DAE3FA03A13084784861 /* Release */,
			);
			defaultConfigurationIsVisible = 0;
			defaultConfigurationName = Debug;
		};
		CEC42DEB4FD665C38E363F71 /* Build configuration list for PBXProject "HowlAlertWatch" */ = {
			isa = XCConfigurationList;
			buildConfigurations = (
				8FC0D1368D58D2410DB19448 /* Debug */,
				FAF6D5AA6E1F70327A9363D7 /* Release */,
			);
			defaultConfigurationIsVisible = 0;
			defaultConfigurationName = Debug;
		};
/* End XCConfigurationList section */

/* Begin XCLocalSwiftPackageReference section */
		29FE1D74A1520DCDBF3EB690 /* XCLocalSwiftPackageReference "../../packages/howlalert-kit" */ = {
			isa = XCLocalSwiftPackageReference;
			relativePath = "../../packages/howlalert-kit";
		};
/* End XCLocalSwiftPackageReference section */

/* Begin XCSwiftPackageProductDependency section */
		3B711F471FD4FCE91420A911 /* HowlAlertKit */ = {
			isa = XCSwiftPackageProductDependency;
			productName = HowlAlertKit;
		};
/* End XCSwiftPackageProductDependency section */
	};
	rootObject = D6D6523C0687425004397E41 /* Project object */;
}
